// !$*UTF8*$!
{
	archiveVersion = 1;
	classes = {
	};
	objectVersion = 50;
	objects = {

/* Begin PBXBuildFile section */
		613073EA40E104126C940AAC /* Pods_BlueChat.framework in Frameworks */ = {isa = PBXBuildFile; fileRef = A0BB7F5944EDEC4572C244C0 /* Pods_BlueChat.framework */; };
		E211F1262267AE7300FDFC59 /* WelcomeViewController.swift in Sources */ = {isa = PBXBuildFile; fileRef = E211F1252267AE7300FDFC59 /* WelcomeViewController.swift */; };
		E254B0F42263D02400382E14 /* UIHelper.swift in Sources */ = {isa = PBXBuildFile; fileRef = E254B0F32263D02400382E14 /* UIHelper.swift */; };
		E288C1FB225E5D50000FB543 /* AppDelegate.swift in Sources */ = {isa = PBXBuildFile; fileRef = E288C1FA225E5D50000FB543 /* AppDelegate.swift */; };
		E288C202225E5D51000FB543 /* Assets.xcassets in Resources */ = {isa = PBXBuildFile; fileRef = E288C201225E5D51000FB543 /* Assets.xcassets */; };
		E288C205225E5D51000FB543 /* LaunchScreen.storyboard in Resources */ = {isa = PBXBuildFile; fileRef = E288C203225E5D51000FB543 /* LaunchScreen.storyboard */; };
		E288C20E225F064B000FB543 /* DiscoverViewController.swift in Sources */ = {isa = PBXBuildFile; fileRef = E288C20D225F064B000FB543 /* DiscoverViewController.swift */; };
		E288C215225F089C000FB543 /* Extensions.swift in Sources */ = {isa = PBXBuildFile; fileRef = E288C214225F089C000FB543 /* Extensions.swift */; };
		E2A09D84225F50B600961541 /* BluetoothService.swift in Sources */ = {isa = PBXBuildFile; fileRef = E2A09D83225F50B600961541 /* BluetoothService.swift */; };
		E2A09D87225F615F00961541 /* ChatViewController.swift in Sources */ = {isa = PBXBuildFile; fileRef = E2A09D86225F615F00961541 /* ChatViewController.swift */; };
		E2C26777225FDBF8006407BE /* BluetoothServiceDeviceDelegate.swift in Sources */ = {isa = PBXBuildFile; fileRef = E2C26776225FDBF8006407BE /* BluetoothServiceDeviceDelegate.swift */; };
		E2C26779225FDC22006407BE /* BluetoothServiceMessageDelegate.swift in Sources */ = {isa = PBXBuildFile; fileRef = E2C26778225FDC22006407BE /* BluetoothServiceMessageDelegate.swift */; };
		E2C2677B225FDDFC006407BE /* BluetoothDevice.swift in Sources */ = {isa = PBXBuildFile; fileRef = E2C2677A225FDDFC006407BE /* BluetoothDevice.swift */; };
		E2C2677D225FE52A006407BE /* Constants.swift in Sources */ = {isa = PBXBuildFile; fileRef = E2C2677C225FE52A006407BE /* Constants.swift */; };
/* End PBXBuildFile section */

/* Begin PBXFileReference section */
		80A257A905FE7EA3CD4250B0 /* Pods-BlueChat.release.xcconfig */ = {isa = PBXFileReference; includeInIndex = 1; lastKnownFileType = text.xcconfig; name = "Pods-BlueChat.release.xcconfig"; path = "Target Support Files/Pods-BlueChat/Pods-BlueChat.release.xcconfig"; sourceTree = "<group>"; };
		A0BB7F5944EDEC4572C244C0 /* Pods_BlueChat.framework */ = {isa = PBXFileReference; explicitFileType = wrapper.framework; includeInIndex = 0; path = Pods_BlueChat.framework; sourceTree = BUILT_PRODUCTS_DIR; };
		D0755219526E7DF6271E2FCE /* Pods-BlueChat.debug.xcconfig */ = {isa = PBXFileReference; includeInIndex = 1; lastKnownFileType = text.xcconfig; name = "Pods-BlueChat.debug.xcconfig"; path = "Target Support Files/Pods-BlueChat/Pods-BlueChat.debug.xcconfig"; sourceTree = "<group>"; };
		E211F1252267AE7300FDFC59 /* WelcomeViewController.swift */ = {isa = PBXFileReference; lastKnownFileType = sourcecode.swift; path = WelcomeViewController.swift; sourceTree = "<group>"; };
		E254B0F32263D02400382E14 /* UIHelper.swift */ = {isa = PBXFileReference; lastKnownFileType = sourcecode.swift; path = UIHelper.swift; sourceTree = "<group>"; };
		E288C1F7225E5D50000FB543 /* BlueChat.app */ = {isa = PBXFileReference; explicitFileType = wrapper.application; includeInIndex = 0; path = BlueChat.app; sourceTree = BUILT_PRODUCTS_DIR; };
		E288C1FA225E5D50000FB543 /* AppDelegate.swift */ = {isa = PBXFileReference; lastKnownFileType = sourcecode.swift; path = AppDelegate.swift; sourceTree = "<group>"; };
		E288C201225E5D51000FB543 /* Assets.xcassets */ = {isa = PBXFileReference; lastKnownFileType = folder.assetcatalog; path = Assets.xcassets; sourceTree = "<group>"; };
		E288C204225E5D51000FB543 /* Base */ = {isa = PBXFileReference; lastKnownFileType = file.storyboard; name = Base; path = Base.lproj/LaunchScreen.storyboard; sourceTree = "<group>"; };
		E288C206225E5D51000FB543 /* Info.plist */ = {isa = PBXFileReference; lastKnownFileType = text.plist.xml; path = Info.plist; sourceTree = "<group>"; };
		E288C20D225F064B000FB543 /* DiscoverViewController.swift */ = {isa = PBXFileReference; lastKnownFileType = sourcecode.swift; path = DiscoverViewController.swift; sourceTree = "<group>"; };
		E288C214225F089C000FB543 /* Extensions.swift */ = {isa = PBXFileReference; lastKnownFileType = sourcecode.swift; path = Extensions.swift; sourceTree = "<group>"; };
		E2A09D83225F50B600961541 /* BluetoothService.swift */ = {isa = PBXFileReference; lastKnownFileType = sourcecode.swift; path = BluetoothService.swift; sourceTree = "<group>"; };
		E2A09D86225F615F00961541 /* ChatViewController.swift */ = {isa = PBXFileReference; lastKnownFileType = sourcecode.swift; path = ChatViewController.swift; sourceTree = "<group>"; };
		E2C26776225FDBF8006407BE /* BluetoothServiceDeviceDelegate.swift */ = {isa = PBXFileReference; lastKnownFileType = sourcecode.swift; path = BluetoothServiceDeviceDelegate.swift; sourceTree = "<group>"; };
		E2C26778225FDC22006407BE /* BluetoothServiceMessageDelegate.swift */ = {isa = PBXFileReference; lastKnownFileType = sourcecode.swift; path = BluetoothServiceMessageDelegate.swift; sourceTree = "<group>"; };
		E2C2677A225FDDFC006407BE /* BluetoothDevice.swift */ = {isa = PBXFileReference; lastKnownFileType = sourcecode.swift; path = BluetoothDevice.swift; sourceTree = "<group>"; };
		E2C2677C225FE52A006407BE /* Constants.swift */ = {isa = PBXFileReference; lastKnownFileType = sourcecode.swift; path = Constants.swift; sourceTree = "<group>"; };
/* End PBXFileReference section */

/* Begin PBXFrameworksBuildPhase section */
		E288C1F4225E5D50000FB543 /* Frameworks */ = {
			isa = PBXFrameworksBuildPhase;
			buildActionMask = 2147483647;
			files = (
				613073EA40E104126C940AAC /* Pods_BlueChat.framework in Frameworks */,
			);
			runOnlyForDeploymentPostprocessing = 0;
		};
/* End PBXFrameworksBuildPhase section */

/* Begin PBXGroup section */
		5491EBDE955C02374E0468D3 /* Pods */ = {
			isa = PBXGroup;
			children = (
				D0755219526E7DF6271E2FCE /* Pods-BlueChat.debug.xcconfig */,
				80A257A905FE7EA3CD4250B0 /* Pods-BlueChat.release.xcconfig */,
			);
			path = Pods;
			sourceTree = "<group>";
		};
		BBF0BD2F60649B85D61602E4 /* Frameworks */ = {
			isa = PBXGroup;
			children = (
				A0BB7F5944EDEC4572C244C0 /* Pods_BlueChat.framework */,
			);
			name = Frameworks;
			sourceTree = "<group>";
		};
		E211F1242267AE5900FDFC59 /* WelcomeViewController */ = {
			isa = PBXGroup;
			children = (
				E211F1252267AE7300FDFC59 /* WelcomeViewController.swift */,
			);
			path = WelcomeViewController;
			sourceTree = "<group>";
		};
		E254B0F02263CFF000382E14 /* Helpers */ = {
			isa = PBXGroup;
			children = (
				E254B0F32263D02400382E14 /* UIHelper.swift */,
			);
			path = Helpers;
			sourceTree = "<group>";
		};
		E288C1EE225E5D50000FB543 = {
			isa = PBXGroup;
			children = (
				E288C1F9225E5D50000FB543 /* BlueChat */,
				E288C1F8225E5D50000FB543 /* Products */,
				5491EBDE955C02374E0468D3 /* Pods */,
				BBF0BD2F60649B85D61602E4 /* Frameworks */,
			);
			sourceTree = "<group>";
		};
		E288C1F8225E5D50000FB543 /* Products */ = {
			isa = PBXGroup;
			children = (
				E288C1F7225E5D50000FB543 /* BlueChat.app */,
			);
			name = Products;
			sourceTree = "<group>";
		};
		E288C1F9225E5D50000FB543 /* BlueChat */ = {
			isa = PBXGroup;
			children = (
				E288C212225F07F3000FB543 /* Resources */,
				E288C211225F07D9000FB543 /* SupportingFiles */,
				E254B0F02263CFF000382E14 /* Helpers */,
				E2A09D82225F509D00961541 /* Services */,
				E288C213225F0882000FB543 /* ViewControllers */,
			);
			path = BlueChat;
			sourceTree = "<group>";
		};
		E288C20C225F060D000FB543 /* DiscoveringViewController */ = {
			isa = PBXGroup;
			children = (
				E288C20D225F064B000FB543 /* DiscoverViewController.swift */,
			);
			path = DiscoveringViewController;
			sourceTree = "<group>";
		};
		E288C211225F07D9000FB543 /* SupportingFiles */ = {
			isa = PBXGroup;
			children = (
				E288C1FA225E5D50000FB543 /* AppDelegate.swift */,
				E288C214225F089C000FB543 /* Extensions.swift */,
				E288C203225E5D51000FB543 /* LaunchScreen.storyboard */,
				E288C206225E5D51000FB543 /* Info.plist */,
			);
			path = SupportingFiles;
			sourceTree = "<group>";
		};
		E288C212225F07F3000FB543 /* Resources */ = {
			isa = PBXGroup;
			children = (
				E288C201225E5D51000FB543 /* Assets.xcassets */,
				E2C2677C225FE52A006407BE /* Constants.swift */,
			);
			path = Resources;
			sourceTree = "<group>";
		};
		E288C213225F0882000FB543 /* ViewControllers */ = {
			isa = PBXGroup;
			children = (
				E211F1242267AE5900FDFC59 /* WelcomeViewController */,
				E288C20C225F060D000FB543 /* DiscoveringViewController */,
				E2A09D85225F613D00961541 /* ChatViewController */,
			);
			path = ViewControllers;
			sourceTree = "<group>";
		};
		E2A09D82225F509D00961541 /* Services */ = {
			isa = PBXGroup;
			children = (
				E2C26774225FDBCF006407BE /* BluetoothService */,
			);
			path = Services;
			sourceTree = "<group>";
		};
		E2A09D85225F613D00961541 /* ChatViewController */ = {
			isa = PBXGroup;
			children = (
				E2A09D86225F615F00961541 /* ChatViewController.swift */,
			);
			path = ChatViewController;
			sourceTree = "<group>";
		};
		E2C26774225FDBCF006407BE /* BluetoothService */ = {
			isa = PBXGroup;
			children = (
				E2A09D83225F50B600961541 /* BluetoothService.swift */,
				E2C26775225FDBE0006407BE /* SupportingFiles */,
			);
			path = BluetoothService;
			sourceTree = "<group>";
		};
		E2C26775225FDBE0006407BE /* SupportingFiles */ = {
			isa = PBXGroup;
			children = (
				E2C26776225FDBF8006407BE /* BluetoothServiceDeviceDelegate.swift */,
				E2C26778225FDC22006407BE /* BluetoothServiceMessageDelegate.swift */,
				E2C2677A225FDDFC006407BE /* BluetoothDevice.swift */,
			);
			path = SupportingFiles;
			sourceTree = "<group>";
		};
/* End PBXGroup section */

/* Begin PBXNativeTarget section */
		E288C1F6225E5D50000FB543 /* BlueChat */ = {
			isa = PBXNativeTarget;
			buildConfigurationList = E288C209225E5D51000FB543 /* Build configuration list for PBXNativeTarget "BlueChat" */;
			buildPhases = (
				D2B10A12DC9F44DEAE1338E1 /* [CP] Check Pods Manifest.lock */,
				E288C1F3225E5D50000FB543 /* Sources */,
				E288C1F4225E5D50000FB543 /* Frameworks */,
				E288C1F5225E5D50000FB543 /* Resources */,
				1AB1DFCD29D544D32C6ADC8C /* [CP] Embed Pods Frameworks */,
			);
			buildRules = (
			);
			dependencies = (
			);
			name = BlueChat;
			productName = BlueChat;
			productReference = E288C1F7225E5D50000FB543 /* BlueChat.app */;
			productType = "com.apple.product-type.application";
		};
/* End PBXNativeTarget section */

/* Begin PBXProject section */
		E288C1EF225E5D50000FB543 /* Project object */ = {
			isa = PBXProject;
			attributes = {
				LastSwiftUpdateCheck = 1020;
				LastUpgradeCheck = 1020;
				ORGANIZATIONNAME = "Josip Rezic";
				TargetAttributes = {
					E288C1F6225E5D50000FB543 = {
						CreatedOnToolsVersion = 10.2;
						SystemCapabilities = {
							com.apple.BackgroundModes = {
								enabled = 1;
							};
						};
					};
				};
			};
			buildConfigurationList = E288C1F2225E5D50000FB543 /* Build configuration list for PBXProject "BlueChat" */;
			compatibilityVersion = "Xcode 9.3";
			developmentRegion = en;
			hasScannedForEncodings = 0;
			knownRegions = (
				en,
				Base,
			);
			mainGroup = E288C1EE225E5D50000FB543;
			productRefGroup = E288C1F8225E5D50000FB543 /* Products */;
			projectDirPath = "";
			projectRoot = "";
			targets = (
				E288C1F6225E5D50000FB543 /* BlueChat */,
			);
		};
/* End PBXProject section */

/* Begin PBXResourcesBuildPhase section */
		E288C1F5225E5D50000FB543 /* Resources */ = {
			isa = PBXResourcesBuildPhase;
			buildActionMask = 2147483647;
			files = (
				E288C205225E5D51000FB543 /* LaunchScreen.storyboard in Resources */,
				E288C202225E5D51000FB543 /* Assets.xcassets in Resources */,
			);
			runOnlyForDeploymentPostprocessing = 0;
		};
/* End PBXResourcesBuildPhase section */

/* Begin PBXShellScriptBuildPhase section */
		1AB1DFCD29D544D32C6ADC8C /* [CP] Embed Pods Frameworks */ = {
			isa = PBXShellScriptBuildPhase;
			buildActionMask = 2147483647;
			files = (
			);
			inputFileListPaths = (
			);
			inputPaths = (
				"${PODS_ROOT}/Target Support Files/Pods-BlueChat/Pods-BlueChat-frameworks.sh",
				"${BUILT_PRODUCTS_DIR}/IQKeyboardManagerSwift/IQKeyboardManagerSwift.framework",
				"${BUILT_PRODUCTS_DIR}/SnapKit/SnapKit.framework",
			);
			name = "[CP] Embed Pods Frameworks";
			outputFileListPaths = (
			);
			outputPaths = (
				"${TARGET_BUILD_DIR}/${FRAMEWORKS_FOLDER_PATH}/IQKeyboardManagerSwift.framework",
				"${TARGET_BUILD_DIR}/${FRAMEWORKS_FOLDER_PATH}/SnapKit.framework",
			);
			runOnlyForDeploymentPostprocessing = 0;
			shellPath = /bin/sh;
			shellScript = "\"${PODS_ROOT}/Target Support Files/Pods-BlueChat/Pods-BlueChat-frameworks.sh\"\n";
			showEnvVarsInLog = 0;
		};
		D2B10A12DC9F44DEAE1338E1 /* [CP] Check Pods Manifest.lock */ = {
			isa = PBXShellScriptBuildPhase;
			buildActionMask = 2147483647;
			files = (
			);
			inputFileListPaths = (
			);
			inputPaths = (
				"${PODS_PODFILE_DIR_PATH}/Podfile.lock",
				"${PODS_ROOT}/Manifest.lock",
			);
			name = "[CP] Check Pods Manifest.lock";
			outputFileListPaths = (
			);
			outputPaths = (
				"$(DERIVED_FILE_DIR)/Pods-BlueChat-checkManifestLockResult.txt",
			);
			runOnlyForDeploymentPostprocessing = 0;
			shellPath = /bin/sh;
			shellScript = "diff \"${PODS_PODFILE_DIR_PATH}/Podfile.lock\" \"${PODS_ROOT}/Manifest.lock\" > /dev/null\nif [ $? != 0 ] ; then\n    # print error to STDERR\n    echo \"error: The sandbox is not in sync with the Podfile.lock. Run 'pod install' or update your CocoaPods installation.\" >&2\n    exit 1\nfi\n# This output is used by Xcode 'outputs' to avoid re-running this script phase.\necho \"SUCCESS\" > \"${SCRIPT_OUTPUT_FILE_0}\"\n";
			showEnvVarsInLog = 0;
		};
/* End PBXShellScriptBuildPhase section */

/* Begin PBXSourcesBuildPhase section */
		E288C1F3225E5D50000FB543 /* Sources */ = {
			isa = PBXSourcesBuildPhase;
			buildActionMask = 2147483647;
			files = (
				E2A09D84225F50B600961541 /* BluetoothService.swift in Sources */,
				E288C20E225F064B000FB543 /* DiscoverViewController.swift in Sources */,
				E211F1262267AE7300FDFC59 /* WelcomeViewController.swift in Sources */,
				E288C215225F089C000FB543 /* Extensions.swift in Sources */,
				E254B0F42263D02400382E14 /* UIHelper.swift in Sources */,
				E2C26779225FDC22006407BE /* BluetoothServiceMessageDelegate.swift in Sources */,
				E2C26777225FDBF8006407BE /* BluetoothServiceDeviceDelegate.swift in Sources */,
				E2A09D87225F615F00961541 /* ChatViewController.swift in Sources */,
				E2C2677B225FDDFC006407BE /* BluetoothDevice.swift in Sources */,
				E288C1FB225E5D50000FB543 /* AppDelegate.swift in Sources */,
				E2C2677D225FE52A006407BE /* Constants.swift in Sources */,
			);
			runOnlyForDeploymentPostprocessing = 0;
		};
/* End PBXSourcesBuildPhase section */

/* Begin PBXVariantGroup section */
		E288C203225E5D51000FB543 /* LaunchScreen.storyboard */ = {
			isa = PBXVariantGroup;
			children = (
				E288C204225E5D51000FB543 /* Base */,
			);
			name = LaunchScreen.storyboard;
			sourceTree = "<group>";
		};
/* End PBXVariantGroup section */

/* Begin XCBuildConfiguration section */
		E288C207225E5D51000FB543 /* Debug */ = {
			isa = XCBuildConfiguration;
			buildSettings = {
				ALWAYS_SEARCH_USER_PATHS = NO;
				CLANG_ANALYZER_NONNULL = YES;
				CLANG_ANALYZER_NUMBER_OBJECT_CONVERSION = YES_AGGRESSIVE;
				CLANG_CXX_LANGUAGE_STANDARD = "gnu++14";
				CLANG_CXX_LIBRARY = "libc++";
				CLANG_ENABLE_MODULES = YES;
				CLANG_ENABLE_OBJC_ARC = YES;
				CLANG_ENABLE_OBJC_WEAK = YES;
				CLANG_WARN_BLOCK_CAPTURE_AUTORELEASING = YES;
				CLANG_WARN_BOOL_CONVERSION = YES;
				CLANG_WARN_COMMA = YES;
				CLANG_WARN_CONSTANT_CONVERSION = YES;
				CLANG_WARN_DEPRECATED_OBJC_IMPLEMENTATIONS = YES;
				CLANG_WARN_DIRECT_OBJC_ISA_USAGE = YES_ERROR;
				CLANG_WARN_DOCUMENTATION_COMMENTS = YES;
				CLANG_WARN_EMPTY_BODY = YES;
				CLANG_WARN_ENUM_CONVERSION = YES;
				CLANG_WARN_INFINITE_RECURSION = YES;
				CLANG_WARN_INT_CONVERSION = YES;
				CLANG_WARN_NON_LITERAL_NULL_CONVERSION = YES;
				CLANG_WARN_OBJC_IMPLICIT_RETAIN_SELF = YES;
				CLANG_WARN_OBJC_LITERAL_CONVERSION = YES;
				CLANG_WARN_OBJC_ROOT_CLASS = YES_ERROR;
				CLANG_WARN_RANGE_LOOP_ANALYSIS = YES;
				CLANG_WARN_STRICT_PROTOTYPES = YES;
				CLANG_WARN_SUSPICIOUS_MOVE = YES;
				CLANG_WARN_UNGUARDED_AVAILABILITY = YES_AGGRESSIVE;
				CLANG_WARN_UNREACHABLE_CODE = YES;
				CLANG_WARN__DUPLICATE_METHOD_MATCH = YES;
				CODE_SIGN_IDENTITY = "iPhone Developer";
				COPY_PHASE_STRIP = NO;
				DEBUG_INFORMATION_FORMAT = dwarf;
				ENABLE_STRICT_OBJC_MSGSEND = YES;
				ENABLE_TESTABILITY = YES;
				GCC_C_LANGUAGE_STANDARD = gnu11;
				GCC_DYNAMIC_NO_PIC = NO;
				GCC_NO_COMMON_BLOCKS = YES;
				GCC_OPTIMIZATION_LEVEL = 0;
				GCC_PREPROCESSOR_DEFINITIONS = (
					"DEBUG=1",
					"$(inherited)",
				);
				GCC_WARN_64_TO_32_BIT_CONVERSION = YES;
				GCC_WARN_ABOUT_RETURN_TYPE = YES_ERROR;
				GCC_WARN_UNDECLARED_SELECTOR = YES;
				GCC_WARN_UNINITIALIZED_AUTOS = YES_AGGRESSIVE;
				GCC_WARN_UNUSED_FUNCTION = YES;
				GCC_WARN_UNUSED_VARIABLE = YES;
				IPHONEOS_DEPLOYMENT_TARGET = 12.2;
				MTL_ENABLE_DEBUG_INFO = INCLUDE_SOURCE;
				MTL_FAST_MATH = YES;
				ONLY_ACTIVE_ARCH = YES;
				SDKROOT = iphoneos;
				SWIFT_ACTIVE_COMPILATION_CONDITIONS = DEBUG;
				SWIFT_OPTIMIZATION_LEVEL = "-Onone";
			};
			name = Debug;
		};
		E288C208225E5D51000FB543 /* Release */ = {
			isa = XCBuildConfiguration;
			buildSettings = {
				ALWAYS_SEARCH_USER_PATHS = NO;
				CLANG_ANALYZER_NONNULL = YES;
				CLANG_ANALYZER_NUMBER_OBJECT_CONVERSION = YES_AGGRESSIVE;
				CLANG_CXX_LANGUAGE_STANDARD = "gnu++14";
				CLANG_CXX_LIBRARY = "libc++";
				CLANG_ENABLE_MODULES = YES;
				CLANG_ENABLE_OBJC_ARC = YES;
				CLANG_ENABLE_OBJC_WEAK = YES;
				CLANG_WARN_BLOCK_CAPTURE_AUTORELEASING = YES;
				CLANG_WARN_BOOL_CONVERSION = YES;
				CLANG_WARN_COMMA = YES;
				CLANG_WARN_CONSTANT_CONVERSION = YES;
				CLANG_WARN_DEPRECATED_OBJC_IMPLEMENTATIONS = YES;
				CLANG_WARN_DIRECT_OBJC_ISA_USAGE = YES_ERROR;
				CLANG_WARN_DOCUMENTATION_COMMENTS = YES;
				CLANG_WARN_EMPTY_BODY = YES;
				CLANG_WARN_ENUM_CONVERSION = YES;
				CLANG_WARN_INFINITE_RECURSION = YES;
				CLANG_WARN_INT_CONVERSION = YES;
				CLANG_WARN_NON_LITERAL_NULL_CONVERSION = YES;
				CLANG_WARN_OBJC_IMPLICIT_RETAIN_SELF = YES;
				CLANG_WARN_OBJC_LITERAL_CONVERSION = YES;
				CLANG_WARN_OBJC_ROOT_CLASS = YES_ERROR;
				CLANG_WARN_RANGE_LOOP_ANALYSIS = YES;
				CLANG_WARN_STRICT_PROTOTYPES = YES;
				CLANG_WARN_SUSPICIOUS_MOVE = YES;
				CLANG_WARN_UNGUARDED_AVAILABILITY = YES_AGGRESSIVE;
				CLANG_WARN_UNREACHABLE_CODE = YES;
				CLANG_WARN__DUPLICATE_METHOD_MATCH = YES;
				CODE_SIGN_IDENTITY = "iPhone Developer";
				COPY_PHASE_STRIP = NO;
				DEBUG_INFORMATION_FORMAT = "dwarf-with-dsym";
				ENABLE_NS_ASSERTIONS = NO;
				ENABLE_STRICT_OBJC_MSGSEND = YES;
				GCC_C_LANGUAGE_STANDARD = gnu11;
				GCC_NO_COMMON_BLOCKS = YES;
				GCC_WARN_64_TO_32_BIT_CONVERSION = YES;
				GCC_WARN_ABOUT_RETURN_TYPE = YES_ERROR;
				GCC_WARN_UNDECLARED_SELECTOR = YES;
				GCC_WARN_UNINITIALIZED_AUTOS = YES_AGGRESSIVE;
				GCC_WARN_UNUSED_FUNCTION = YES;
				GCC_WARN_UNUSED_VARIABLE = YES;
				IPHONEOS_DEPLOYMENT_TARGET = 12.2;
				MTL_ENABLE_DEBUG_INFO = NO;
				MTL_FAST_MATH = YES;
				SDKROOT = iphoneos;
				SWIFT_COMPILATION_MODE = wholemodule;
				SWIFT_OPTIMIZATION_LEVEL = "-O";
				VALIDATE_PRODUCT = YES;
			};
			name = Release;
		};
		E288C20A225E5D51000FB543 /* Debug */ = {
			isa = XCBuildConfiguration;
			baseConfigurationReference = D0755219526E7DF6271E2FCE /* Pods-BlueChat.debug.xcconfig */;
			buildSettings = {
				ASSETCATALOG_COMPILER_APPICON_NAME = AppIcon;
				CODE_SIGN_STYLE = Automatic;
				DEVELOPMENT_TEAM = TLWQ546V2V;
				INFOPLIST_FILE = BlueChat/SupportingFiles/Info.plist;
				IPHONEOS_DEPLOYMENT_TARGET = 12.0;
				LD_RUNPATH_SEARCH_PATHS = (
					"$(inherited)",
					"@executable_path/Frameworks",
				);
				PRODUCT_BUNDLE_IDENTIFIER = com.josiprezic.BlueChat;
				PRODUCT_NAME = "$(TARGET_NAME)";
				SWIFT_VERSION = 5.0;
				TARGETED_DEVICE_FAMILY = "1,2";
			};
			name = Debug;
		};
		E288C20B225E5D51000FB543 /* Release */ = {
			isa = XCBuildConfiguration;
			baseConfigurationReference = 80A257A905FE7EA3CD4250B0 /* Pods-BlueChat.release.xcconfig */;
			buildSettings = {
				ASSETCATALOG_COMPILER_APPICON_NAME = AppIcon;
				CODE_SIGN_STYLE = Automatic;
				DEVELOPMENT_TEAM = TLWQ546V2V;
				INFOPLIST_FILE = BlueChat/SupportingFiles/Info.plist;
				IPHONEOS_DEPLOYMENT_TARGET = 12.0;
				LD_RUNPATH_SEARCH_PATHS = (
					"$(inherited)",
					"@executable_path/Frameworks",
				);
				PRODUCT_BUNDLE_IDENTIFIER = com.josiprezic.BlueChat;
				PRODUCT_NAME = "$(TARGET_NAME)";
				SWIFT_VERSION = 5.0;
				TARGETED_DEVICE_FAMILY = "1,2";
			};
			name = Release;
		};
/* End XCBuildConfiguration section */

/* Begin XCConfigurationList section */
		E288C1F2225E5D50000FB543 /* Build configuration list for PBXProject "BlueChat" */ = {
			isa = XCConfigurationList;
			buildConfigurations = (
				E288C207225E5D51000FB543 /* Debug */,
				E288C208225E5D51000FB543 /* Release */,
			);
			defaultConfigurationIsVisible = 0;
			defaultConfigurationName = Release;
		};
		E288C209225E5D51000FB543 /* Build configuration list for PBXNativeTarget "BlueChat" */ = {
			isa = XCConfigurationList;
			buildConfigurations = (
				E288C20A225E5D51000FB543 /* Debug */,
				E288C20B225E5D51000FB543 /* Release */,
			);
			defaultConfigurationIsVisible = 0;
			defaultConfigurationName = Release;
		};
/* End XCConfigurationList section */
	};
	rootObject = E288C1EF225E5D50000FB543 /* Project object */;
}
